// !$*UTF8*$!
{
	archiveVersion = 1;
	classes = {
	};
	objectVersion = 46;
	objects = {

/* Begin PBXBuildFile section */
		C6F8B3AD1D63B31100AA8478 /* AppDelegate.swift in Sources */ = {isa = PBXBuildFile; fileRef = C6F8B3AC1D63B31100AA8478 /* AppDelegate.swift */; };
		C6F8B3B21D63B31100AA8478 /* Main.storyboard in Resources */ = {isa = PBXBuildFile; fileRef = C6F8B3B01D63B31100AA8478 /* Main.storyboard */; };
		C6F8B3B51D63B31100AA8478 /* BuscadorLibros.xcdatamodeld in Sources */ = {isa = PBXBuildFile; fileRef = C6F8B3B31D63B31100AA8478 /* BuscadorLibros.xcdatamodeld */; };
		C6F8B3B71D63B31100AA8478 /* Assets.xcassets in Resources */ = {isa = PBXBuildFile; fileRef = C6F8B3B61D63B31100AA8478 /* Assets.xcassets */; };
		C6F8B3BA1D63B31100AA8478 /* LaunchScreen.storyboard in Resources */ = {isa = PBXBuildFile; fileRef = C6F8B3B81D63B31100AA8478 /* LaunchScreen.storyboard */; };
		C6F8B3C21D63B40E00AA8478 /* TVC.swift in Sources */ = {isa = PBXBuildFile; fileRef = C6F8B3C11D63B40E00AA8478 /* TVC.swift */; };
		C6F8B3C41D63C7A700AA8478 /* ControlLibros.swift in Sources */ = {isa = PBXBuildFile; fileRef = C6F8B3C31D63C7A700AA8478 /* ControlLibros.swift */; };
		C6F8B3E91D63DDDE00AA8478 /* NuevoLibro.swift in Sources */ = {isa = PBXBuildFile; fileRef = C6F8B3E81D63DDDE00AA8478 /* NuevoLibro.swift */; };
/* End PBXBuildFile section */

/* Begin PBXFileReference section */
		C6F8B3A91D63B31100AA8478 /* BuscadorLibros.app */ = {isa = PBXFileReference; explicitFileType = wrapper.application; includeInIndex = 0; path = BuscadorLibros.app; sourceTree = BUILT_PRODUCTS_DIR; };
		C6F8B3AC1D63B31100AA8478 /* AppDelegate.swift */ = {isa = PBXFileReference; lastKnownFileType = sourcecode.swift; path = AppDelegate.swift; sourceTree = "<group>"; };
		C6F8B3B11D63B31100AA8478 /* Base */ = {isa = PBXFileReference; lastKnownFileType = file.storyboard; name = Base; path = Base.lproj/Main.storyboard; sourceTree = "<group>"; };
		C6F8B3B41D63B31100AA8478 /* BuscadorLibros.xcdatamodel */ = {isa = PBXFileReference; lastKnownFileType = wrapper.xcdatamodel; path = BuscadorLibros.xcdatamodel; sourceTree = "<group>"; };
		C6F8B3B61D63B31100AA8478 /* Assets.xcassets */ = {isa = PBXFileReference; lastKnownFileType = folder.assetcatalog; path = Assets.xcassets; sourceTree = "<group>"; };
		C6F8B3B91D63B31100AA8478 /* Base */ = {isa = PBXFileReference; lastKnownFileType = file.storyboard; name = Base; path = Base.lproj/LaunchScreen.storyboard; sourceTree = "<group>"; };
		C6F8B3BB1D63B31100AA8478 /* Info.plist */ = {isa = PBXFileReference; lastKnownFileType = text.plist.xml; path = Info.plist; sourceTree = "<group>"; };
		C6F8B3C11D63B40E00AA8478 /* TVC.swift */ = {isa = PBXFileReference; fileEncoding = 4; lastKnownFileType = sourcecode.swift; path = TVC.swift; sourceTree = "<group>"; };
		C6F8B3C31D63C7A700AA8478 /* ControlLibros.swift */ = {isa = PBXFileReference; fileEncoding = 4; lastKnownFileType = sourcecode.swift; path = ControlLibros.swift; sourceTree = "<group>"; };
		C6F8B3E81D63DDDE00AA8478 /* NuevoLibro.swift */ = {isa = PBXFileReference; fileEncoding = 4; lastKnownFileType = sourcecode.swift; path = NuevoLibro.swift; sourceTree = "<group>"; };
/* End PBXFileReference section */

/* Begin PBXFrameworksBuildPhase section */
		C6F8B3A61D63B31100AA8478 /* Frameworks */ = {
			isa = PBXFrameworksBuildPhase;
			buildActionMask = 2147483647;
			files = (
			);
			runOnlyForDeploymentPostprocessing = 0;
		};
/* End PBXFrameworksBuildPhase section */

/* Begin PBXGroup section */
		C6F8B3A01D63B31100AA8478 = {
			isa = PBXGroup;
			children = (
				C6F8B3AB1D63B31100AA8478 /* BuscadorLibros */,
				C6F8B3AA1D63B31100AA8478 /* Products */,
			);
			sourceTree = "<group>";
		};
		C6F8B3AA1D63B31100AA8478 /* Products */ = {
			isa = PBXGroup;
			children = (
				C6F8B3A91D63B31100AA8478 /* BuscadorLibros.app */,
			);
			name = Products;
			sourceTree = "<group>";
		};
		C6F8B3AB1D63B31100AA8478 /* BuscadorLibros */ = {
			isa = PBXGroup;
			children = (
				C6F8B3AC1D63B31100AA8478 /* AppDelegate.swift */,
				C6F8B3B01D63B31100AA8478 /* Main.storyboard */,
				C6F8B3B61D63B31100AA8478 /* Assets.xcassets */,
				C6F8B3B81D63B31100AA8478 /* LaunchScreen.storyboard */,
				C6F8B3BB1D63B31100AA8478 /* Info.plist */,
				C6F8B3B31D63B31100AA8478 /* BuscadorLibros.xcdatamodeld */,
				C6F8B3C11D63B40E00AA8478 /* TVC.swift */,
				C6F8B3C31D63C7A700AA8478 /* ControlLibros.swift */,
				C6F8B3E81D63DDDE00AA8478 /* NuevoLibro.swift */,
			);
			path = BuscadorLibros;
			sourceTree = "<group>";
		};
/* End PBXGroup section */

/* Begin PBXNativeTarget section */
		C6F8B3A81D63B31100AA8478 /* BuscadorLibros */ = {
			isa = PBXNativeTarget;
			buildConfigurationList = C6F8B3BE1D63B31100AA8478 /* Build configuration list for PBXNativeTarget "BuscadorLibros" */;
			buildPhases = (
				C6F8B3A51D63B31100AA8478 /* Sources */,
				C6F8B3A61D63B31100AA8478 /* Frameworks */,
				C6F8B3A71D63B31100AA8478 /* Resources */,
			);
			buildRules = (
			);
			dependencies = (
			);
			name = BuscadorLibros;
			productName = BuscadorLibros;
			productReference = C6F8B3A91D63B31100AA8478 /* BuscadorLibros.app */;
			productType = "com.apple.product-type.application";
		};
/* End PBXNativeTarget section */

/* Begin PBXProject section */
		C6F8B3A11D63B31100AA8478 /* Project object */ = {
			isa = PBXProject;
			attributes = {
				LastSwiftUpdateCheck = 0730;
				LastUpgradeCheck = 0730;
				ORGANIZATIONNAME = AlexGarcia;
				TargetAttributes = {
					C6F8B3A81D63B31100AA8478 = {
						CreatedOnToolsVersion = 7.3.1;
					};
				};
			};
			buildConfigurationList = C6F8B3A41D63B31100AA8478 /* Build configuration list for PBXProject "BuscadorLibros" */;
			compatibilityVersion = "Xcode 3.2";
			developmentRegion = English;
			hasScannedForEncodings = 0;
			knownRegions = (
				en,
				Base,
			);
			mainGroup = C6F8B3A01D63B31100AA8478;
			productRefGroup = C6F8B3AA1D63B31100AA8478 /* Products */;
			projectDirPath = "";
			projectRoot = "";
			targets = (
				C6F8B3A81D63B31100AA8478 /* BuscadorLibros */,
			);
		};
/* End PBXProject section */

/* Begin PBXResourcesBuildPhase section */
		C6F8B3A71D63B31100AA8478 /* Resources */ = {
			isa = PBXResourcesBuildPhase;
			buildActionMask = 2147483647;
			files = (
				C6F8B3BA1D63B31100AA8478 /* LaunchScreen.storyboard in Resources */,
				C6F8B3B71D63B31100AA8478 /* Assets.xcassets in Resources */,
				C6F8B3B21D63B31100AA8478 /* Main.storyboard in Resources */,
			);
			runOnlyForDeploymentPostprocessing = 0;
		};
/* End PBXResourcesBuildPhase section */

/* Begin PBXSourcesBuildPhase section */
		C6F8B3A51D63B31100AA8478 /* Sources */ = {
			isa = PBXSourcesBuildPhase;
			buildActionMask = 2147483647;
			files = (
				C6F8B3E91D63DDDE00AA8478 /* NuevoLibro.swift in Sources */,
				C6F8B3AD1D63B31100AA8478 /* AppDelegate.swift in Sources */,
				C6F8B3C21D63B40E00AA8478 /* TVC.swift in Sources */,
				C6F8B3C41D63C7A700AA8478 /* ControlLibros.swift in Sources */,
				C6F8B3B51D63B31100AA8478 /* BuscadorLibros.xcdatamodeld in Sources */,
			);
			runOnlyForDeploymentPostprocessing = 0;
		};
/* End PBXSourcesBuildPhase section */

/* Begin PBXVariantGroup section */
		C6F8B3B01D63B31100AA8478 /* Main.storyboard */ = {
			isa = PBXVariantGroup;
			children = (
				C6F8B3B11D63B31100AA8478 /* Base */,
			);
			name = Main.storyboard;
			sourceTree = "<group>";
		};
		C6F8B3B81D63B31100AA8478 /* LaunchScreen.storyboard */ = {
			isa = PBXVariantGroup;
			children = (
				C6F8B3B91D63B31100AA8478 /* Base */,
			);
			name = LaunchScreen.storyboard;
			sourceTree = "<group>";
		};
/* End PBXVariantGroup section */

/* Begin XCBuildConfiguration section */
		C6F8B3BC1D63B31100AA8478 /* Debug */ = {
			isa = XCBuildConfiguration;
			buildSettings = {
				ALWAYS_SEARCH_USER_PATHS = NO;
				CLANG_ANALYZER_NONNULL = YES;
				CLANG_CXX_LANGUAGE_STANDARD = "gnu++0x";
				CLANG_CXX_LIBRARY = "libc++";
				CLANG_ENABLE_MODULES = YES;
				CLANG_ENABLE_OBJC_ARC = YES;
				CLANG_WARN_BOOL_CONVERSION = YES;
				CLANG_WARN_CONSTANT_CONVERSION = YES;
				CLANG_WARN_DIRECT_OBJC_ISA_USAGE = YES_ERROR;
				CLANG_WARN_EMPTY_BODY = YES;
				CLANG_WARN_ENUM_CONVERSION = YES;
				CLANG_WARN_INT_CONVERSION = YES;
				CLANG_WARN_OBJC_ROOT_CLASS = YES_ERROR;
				CLANG_WARN_UNREACHABLE_CODE = YES;
				CLANG_WARN__DUPLICATE_METHOD_MATCH = YES;
				"CODE_SIGN_IDENTITY[sdk=iphoneos*]" = "iPhone Developer";
				COPY_PHASE_STRIP = NO;
				DEBUG_INFORMATION_FORMAT = dwarf;
				ENABLE_STRICT_OBJC_MSGSEND = YES;
				ENABLE_TESTABILITY = YES;
				GCC_C_LANGUAGE_STANDARD = gnu99;
				GCC_DYNAMIC_NO_PIC = NO;
				GCC_NO_COMMON_BLOCKS = YES;
				GCC_OPTIMIZATION_LEVEL = 0;
				GCC_PREPROCESSOR_DEFINITIONS = (
					"DEBUG=1",
					"$(inherited)",
				);
				GCC_WARN_64_TO_32_BIT_CONVERSION = YES;
				GCC_WARN_ABOUT_RETURN_TYPE = YES_ERROR;
				GCC_WARN_UNDECLARED_SELECTOR = YES;
				GCC_WARN_UNINITIALIZED_AUTOS = YES_AGGRESSIVE;
				GCC_WARN_UNUSED_FUNCTION = YES;
				GCC_WARN_UNUSED_VARIABLE = YES;
				IPHONEOS_DEPLOYMENT_TARGET = 9.3;
				MTL_ENABLE_DEBUG_INFO = YES;
				ONLY_ACTIVE_ARCH = YES;
				SDKROOT = iphoneos;
				SWIFT_OPTIMIZATION_LEVEL = "-Onone";
			};
			name = Debug;
		};
		C6F8B3BD1D63B31100AA8478 /* Release */ = {
			isa = XCBuildConfiguration;
			buildSettings = {
				ALWAYS_SEARCH_USER_PATHS = NO;
				CLANG_ANALYZER_NONNULL = YES;
				CLANG_CXX_LANGUAGE_STANDARD = "gnu++0x";
				CLANG_CXX_LIBRARY = "libc++";
				CLANG_ENABLE_MODULES = YES;
				CLANG_ENABLE_OBJC_ARC = YES;
				CLANG_WARN_BOOL_CONVERSION = YES;
				CLANG_WARN_CONSTANT_CONVERSION = YES;
				CLANG_WARN_DIRECT_OBJC_ISA_USAGE = YES_ERROR;
				CLANG_WARN_EMPTY_BODY = YES;
				CLANG_WARN_ENUM_CONVERSION = YES;
				CLANG_WARN_INT_CONVERSION = YES;
				CLANG_WARN_OBJC_ROOT_CLASS = YES_ERROR;
				CLANG_WARN_UNREACHABLE_CODE = YES;
				CLANG_WARN__DUPLICATE_METHOD_MATCH = YES;
				"CODE_SIGN_IDENTITY[sdk=iphoneos*]" = "iPhone Developer";
				COPY_PHASE_STRIP = NO;
				DEBUG_INFORMATION_FORMAT = "dwarf-with-dsym";
				ENABLE_NS_ASSERTIONS = NO;
				ENABLE_STRICT_OBJC_MSGSEND = YES;
				GCC_C_LANGUAGE_STANDARD = gnu99;
				GCC_NO_COMMON_BLOCKS = YES;
				GCC_WARN_64_TO_32_BIT_CONVERSION = YES;
				GCC_WARN_ABOUT_RETURN_TYPE = YES_ERROR;
				GCC_WARN_UNDECLARED_SELECTOR = YES;
				GCC_WARN_UNINITIALIZED_AUTOS = YES_AGGRESSIVE;
				GCC_WARN_UNUSED_FUNCTION = YES;
				GCC_WARN_UNUSED_VARIABLE = YES;
				IPHONEOS_DEPLOYMENT_TARGET = 9.3;
				MTL_ENABLE_DEBUG_INFO = NO;
				SDKROOT = iphoneos;
				VALIDATE_PRODUCT = YES;
			};
			name = Release;
		};
		C6F8B3BF1D63B31100AA8478 /* Debug */ = {
			isa = XCBuildConfiguration;
			buildSettings = {
				ASSETCATALOG_COMPILER_APPICON_NAME = AppIcon;
				INFOPLIST_FILE = BuscadorLibros/Info.plist;
				LD_RUNPATH_SEARCH_PATHS = "$(inherited) @executable_path/Frameworks";
				PRODUCT_BUNDLE_IDENTIFIER = com.itesmlag.BuscadorLibros;
				PRODUCT_NAME = "$(TARGET_NAME)";
			};
			name = Debug;
		};
		C6F8B3C01D63B31100AA8478 /* Release */ = {
			isa = XCBuildConfiguration;
			buildSettings = {
				ASSETCATALOG_COMPILER_APPICON_NAME = AppIcon;
				INFOPLIST_FILE = BuscadorLibros/Info.plist;
				LD_RUNPATH_SEARCH_PATHS = "$(inherited) @executable_path/Frameworks";
				PRODUCT_BUNDLE_IDENTIFIER = com.itesmlag.BuscadorLibros;
				PRODUCT_NAME = "$(TARGET_NAME)";
			};
			name = Release;
		};
/* End XCBuildConfiguration section */

/* Begin XCConfigurationList section */
		C6F8B3A41D63B31100AA8478 /* Build configuration list for PBXProject "BuscadorLibros" */ = {
			isa = XCConfigurationList;
			buildConfigurations = (
				C6F8B3BC1D63B31100AA8478 /* Debug */,
				C6F8B3BD1D63B31100AA8478 /* Release */,
			);
			defaultConfigurationIsVisible = 0;
			defaultConfigurationName = Release;
		};
		C6F8B3BE1D63B31100AA8478 /* Build configuration list for PBXNativeTarget "BuscadorLibros" */ = {
			isa = XCConfigurationList;
			buildConfigurations = (
				C6F8B3BF1D63B31100AA8478 /* Debug */,
				C6F8B3C01D63B31100AA8478 /* Release */,
			);
			defaultConfigurationIsVisible = 0;
		};
/* End XCConfigurationList section */

/* Begin XCVersionGroup section */
		C6F8B3B31D63B31100AA8478 /* BuscadorLibros.xcdatamodeld */ = {
			isa = XCVersionGroup;
			children = (
				C6F8B3B41D63B31100AA8478 /* BuscadorLibros.xcdatamodel */,
			);
			currentVersion = C6F8B3B41D63B31100AA8478 /* BuscadorLibros.xcdatamodel */;
			path = BuscadorLibros.xcdatamodeld;
			sourceTree = "<group>";
			versionGroupType = wrapper.xcdatamodel;
		};
/* End XCVersionGroup section */
	};
	rootObject = C6F8B3A11D63B31100AA8478 /* Project object */;
}
